
Microsoft Visual Studio Solution File, Format Version 12.00
# Visual Studio Version 16
VisualStudioVersion = 16.0.30907.101
MinimumVisualStudioVersion = 10.0.40219.1
Project("{FAE04EC0-301F-11D3-BF4B-00C04F79EFBC}") = "Takviye", "Takviye\Takviye.csproj", "{372CB706-2C94-4F84-BA00-54A59AE7A2FB}"
EndProject
Global
	GlobalSection(SolutionConfigurationPlatforms) = preSolution
		Debug|Any CPU = Debug|Any CPU
		Release|Any CPU = Release|Any CPU
	EndGlobalSection
	GlobalSection(ProjectConfigurationPlatforms) = postSolution
		{372CB706-2C94-4F84-BA00-54A59AE7A2FB}.Debug|Any CPU.ActiveCfg = Debug|Any CPU
		{372CB706-2C94-4F84-BA00-54A59AE7A2FB}.Debug|Any CPU.Build.0 = Debug|Any CPU
		{372CB706-2C94-4F84-BA00-54A59AE7A2FB}.Release|Any CPU.ActiveCfg = Release|Any CPU
		{372CB706-2C94-4F84-BA00-54A59AE7A2FB}.Release|Any CPU.Build.0 = Release|Any CPU
	EndGlobalSection
	GlobalSection(SolutionProperties) = preSolution
		HideSolutionNode = FALSE
	EndGlobalSection
	GlobalSection(ExtensibilityGlobals) = postSolution
		SolutionGuid = {0F903312-018B-4629-9509-EC9F8DA012DF}
	EndGlobalSection
EndGlobal
